
Microsoft Visual Studio Solution File, Format Version 12.00
# Visual Studio Version 17
VisualStudioVersion = 17.5.33103.201
MinimumVisualStudioVersion = 10.0.40219.1
Project("{FAE04EC0-301F-11D3-BF4B-00C04F79EFBC}") = "Dynamically", "Dynamically.csproj", "{52F0D5E9-C235-403F-8B1A-F8935F679E21}"
EndProject
Global
	GlobalSection(SolutionConfigurationPlatforms) = preSolution
		Debug|Any CPU = Debug|Any CPU
		Release|Any CPU = Release|Any CPU
	EndGlobalSection
	GlobalSection(ProjectConfigurationPlatforms) = postSolution
		{52F0D5E9-C235-403F-8B1A-F8935F679E21}.Debug|Any CPU.ActiveCfg = Debug|Any CPU
		{52F0D5E9-C235-403F-8B1A-F8935F679E21}.Debug|Any CPU.Build.0 = Debug|Any CPU
		{52F0D5E9-C235-403F-8B1A-F8935F679E21}.Release|Any CPU.ActiveCfg = Release|Any CPU
		{52F0D5E9-C235-403F-8B1A-F8935F679E21}.Release|Any CPU.Build.0 = Release|Any CPU
	EndGlobalSection
	GlobalSection(SolutionProperties) = preSolution
		HideSolutionNode = FALSE
	EndGlobalSection
	GlobalSection(ExtensibilityGlobals) = postSolution
		SolutionGuid = {B6513E5F-B521-4E4B-B353-066978817904}
	EndGlobalSection
EndGlobal
